
Microsoft Visual Studio Solution File, Format Version 12.00
# Visual Studio Version 16
VisualStudioVersion = 16.0.30907.101
MinimumVisualStudioVersion = 10.0.40219.1
Project("{FAE04EC0-301F-11D3-BF4B-00C04F79EFBC}") = "SoftSenseConf", "SoftSenseConf.csproj", "{C9984C59-4280-4C03-AD08-F2E975D59E3A}"
EndProject
Global
	GlobalSection(SolutionConfigurationPlatforms) = preSolution
		Debug|Any CPU = Debug|Any CPU
		Release|Any CPU = Release|Any CPU
	EndGlobalSection
	GlobalSection(ProjectConfigurationPlatforms) = postSolution
		{C9984C59-4280-4C03-AD08-F2E975D59E3A}.Debug|Any CPU.ActiveCfg = Debug|Any CPU
		{C9984C59-4280-4C03-AD08-F2E975D59E3A}.Debug|Any CPU.Build.0 = Debug|Any CPU
		{C9984C59-4280-4C03-AD08-F2E975D59E3A}.Release|Any CPU.ActiveCfg = Release|Any CPU
		{C9984C59-4280-4C03-AD08-F2E975D59E3A}.Release|Any CPU.Build.0 = Release|Any CPU
	EndGlobalSection
	GlobalSection(SolutionProperties) = preSolution
		HideSolutionNode = FALSE
	EndGlobalSection
	GlobalSection(ExtensibilityGlobals) = postSolution
		SolutionGuid = {BB6C29DE-D3BB-48A5-A287-4EC182A530FC}
	EndGlobalSection
EndGlobal
